
Microsoft Visual Studio Solution File, Format Version 12.00
# Visual Studio Version 17
VisualStudioVersion = 17.4.33213.308
MinimumVisualStudioVersion = 10.0.40219.1
Project("{9A19103F-16F7-4668-BE54-9A1E7A4F7556}") = "Calculadora", "Calculadora.csproj", "{BA927827-2627-4203-895D-3BE6628D8915}"
EndProject
Project("{9A19103F-16F7-4668-BE54-9A1E7A4F7556}") = "ImprimiVogais", "ImprimiVogais\ImprimiVogais.csproj", "{7A26AE65-5ACE-4E05-8CFD-39FEE194C04B}"
EndProject
Project("{9A19103F-16F7-4668-BE54-9A1E7A4F7556}") = "ImprimiConsoantes", "ImprimiConsoantes\ImprimiConsoantes.csproj", "{CF548324-55FA-4F50-A84B-8406BB53AD8C}"
EndProject
Project("{9A19103F-16F7-4668-BE54-9A1E7A4F7556}") = "ContadorVogais", "ContadorVogais\ContadorVogais.csproj", "{B4A10367-A95D-48AF-B758-BD6061C752E9}"
EndProject
Global
	GlobalSection(SolutionConfigurationPlatforms) = preSolution
		Debug|Any CPU = Debug|Any CPU
		Release|Any CPU = Release|Any CPU
	EndGlobalSection
	GlobalSection(ProjectConfigurationPlatforms) = postSolution
		{BA927827-2627-4203-895D-3BE6628D8915}.Debug|Any CPU.ActiveCfg = Debug|Any CPU
		{BA927827-2627-4203-895D-3BE6628D8915}.Debug|Any CPU.Build.0 = Debug|Any CPU
		{BA927827-2627-4203-895D-3BE6628D8915}.Release|Any CPU.ActiveCfg = Release|Any CPU
		{BA927827-2627-4203-895D-3BE6628D8915}.Release|Any CPU.Build.0 = Release|Any CPU
		{7A26AE65-5ACE-4E05-8CFD-39FEE194C04B}.Debug|Any CPU.ActiveCfg = Debug|Any CPU
		{7A26AE65-5ACE-4E05-8CFD-39FEE194C04B}.Debug|Any CPU.Build.0 = Debug|Any CPU
		{7A26AE65-5ACE-4E05-8CFD-39FEE194C04B}.Release|Any CPU.ActiveCfg = Release|Any CPU
		{7A26AE65-5ACE-4E05-8CFD-39FEE194C04B}.Release|Any CPU.Build.0 = Release|Any CPU
		{CF548324-55FA-4F50-A84B-8406BB53AD8C}.Debug|Any CPU.ActiveCfg = Debug|Any CPU
		{CF548324-55FA-4F50-A84B-8406BB53AD8C}.Debug|Any CPU.Build.0 = Debug|Any CPU
		{CF548324-55FA-4F50-A84B-8406BB53AD8C}.Release|Any CPU.ActiveCfg = Release|Any CPU
		{CF548324-55FA-4F50-A84B-8406BB53AD8C}.Release|Any CPU.Build.0 = Release|Any CPU
		{B4A10367-A95D-48AF-B758-BD6061C752E9}.Debug|Any CPU.ActiveCfg = Debug|Any CPU
		{B4A10367-A95D-48AF-B758-BD6061C752E9}.Debug|Any CPU.Build.0 = Debug|Any CPU
		{B4A10367-A95D-48AF-B758-BD6061C752E9}.Release|Any CPU.ActiveCfg = Release|Any CPU
		{B4A10367-A95D-48AF-B758-BD6061C752E9}.Release|Any CPU.Build.0 = Release|Any CPU
	EndGlobalSection
	GlobalSection(SolutionProperties) = preSolution
		HideSolutionNode = FALSE
	EndGlobalSection
	GlobalSection(ExtensibilityGlobals) = postSolution
		SolutionGuid = {EDFDC8C2-C88E-4B2A-AB16-2545CCA683B6}
	EndGlobalSection
EndGlobal
